# generated by rye
# use `rye lock` or `rye sync` to update this lockfile
#
# last locked with the following flags:
#   pre: false
#   features: []
#   all-features: false
#   with-sources: false
#   generate-hashes: false
#   universal: false

-e file:.
annotated-types==0.7.0
    # via pydantic
anyio==4.4.0
    # via httpx
certifi==2024.8.30
    # via httpcore
    # via httpx
cryptocode==0.1
    # via narvis-admin
h11==0.14.0
    # via httpcore
httpcore==1.0.5
    # via httpx
httpx==0.27.2
    # via narvis-admin
idna==3.8
    # via anyio
    # via httpx
pycryptodomex==3.20.0
    # via cryptocode
pydantic==2.9.0
    # via narvis-admin
    # via pydantic-settings
pydantic-core==2.23.2
    # via pydantic
pydantic-settings==2.4.0
    # via narvis-admin
python-dotenv==1.0.1
    # via pydantic-settings
sniffio==1.3.1
    # via anyio
    # via httpx
typing-extensions==4.12.2
    # via pydantic
    # via pydantic-core
tzdata==2024.1
    # via pydantic
